// !$*UTF8*$!
{
	archiveVersion = 1;
	classes = {
	};
	objectVersion = 53;
	objects = {

/* Begin PBXBuildFile section */
		261F07421B35CCE900B5F700 /* MigrationV5toV6.xcmappingmodel in Sources */ = {isa = PBXBuildFile; fileRef = 261F07411B35CCE900B5F700 /* MigrationV5toV6.xcmappingmodel */; };
		2640DB7D187EEDDA003EED97 /* Cocoa.framework in Frameworks */ = {isa = PBXBuildFile; fileRef = 2640DB7C187EEDDA003EED97 /* Cocoa.framework */; };
		2640DB87187EEDDA003EED97 /* InfoPlist.strings in Resources */ = {isa = PBXBuildFile; fileRef = 2640DB85187EEDDA003EED97 /* InfoPlist.strings */; };
		2640DB89187EEDDA003EED97 /* main.m in Sources */ = {isa = PBXBuildFile; fileRef = 2640DB88187EEDDA003EED97 /* main.m */; };
		2640DB8D187EEDDA003EED97 /* Credits.rtf in Resources */ = {isa = PBXBuildFile; fileRef = 2640DB8B187EEDDA003EED97 /* Credits.rtf */; };
		2640DB90187EEDDA003EED97 /* RADocument.m in Sources */ = {isa = PBXBuildFile; fileRef = 2640DB8F187EEDDA003EED97 /* RADocument.m */; };
		2640DB93187EEDDA003EED97 /* RADocument.xib in Resources */ = {isa = PBXBuildFile; fileRef = 2640DB91187EEDDA003EED97 /* RADocument.xib */; };
		2640DB96187EEDDA003EED97 /* MainMenu.xib in Resources */ = {isa = PBXBuildFile; fileRef = 2640DB94187EEDDA003EED97 /* MainMenu.xib */; };
		2640DB99187EEDDA003EED97 /* RADocument.xcdatamodeld in Sources */ = {isa = PBXBuildFile; fileRef = 2640DB97187EEDDA003EED97 /* RADocument.xcdatamodeld */; };
		2640DB9B187EEDDA003EED97 /* Images.xcassets in Resources */ = {isa = PBXBuildFile; fileRef = 2640DB9A187EEDDA003EED97 /* Images.xcassets */; };
		2640DBA2187EEDDA003EED97 /* XCTest.framework in Frameworks */ = {isa = PBXBuildFile; fileRef = 2640DBA1187EEDDA003EED97 /* XCTest.framework */; };
		2640DBA3187EEDDA003EED97 /* Cocoa.framework in Frameworks */ = {isa = PBXBuildFile; fileRef = 2640DB7C187EEDDA003EED97 /* Cocoa.framework */; };
		2640DBAB187EEDDA003EED97 /* InfoPlist.strings in Resources */ = {isa = PBXBuildFile; fileRef = 2640DBA9187EEDDA003EED97 /* InfoPlist.strings */; };
		2640DBAD187EEDDA003EED97 /* iVideoLibTests.m in Sources */ = {isa = PBXBuildFile; fileRef = 2640DBAC187EEDDA003EED97 /* iVideoLibTests.m */; };
		265D7A57274E9E6F00035D6D /* Actor+CoreDataClass.m in Sources */ = {isa = PBXBuildFile; fileRef = 265D7A4D274E9E6F00035D6D /* Actor+CoreDataClass.m */; };
		265D7A58274E9E6F00035D6D /* Actor+CoreDataProperties.m in Sources */ = {isa = PBXBuildFile; fileRef = 265D7A4E274E9E6F00035D6D /* Actor+CoreDataProperties.m */; };
		265D7A59274E9E6F00035D6D /* Chapitre+CoreDataClass.m in Sources */ = {isa = PBXBuildFile; fileRef = 265D7A51274E9E6F00035D6D /* Chapitre+CoreDataClass.m */; };
		265D7A5A274E9E6F00035D6D /* Chapitre+CoreDataProperties.m in Sources */ = {isa = PBXBuildFile; fileRef = 265D7A52274E9E6F00035D6D /* Chapitre+CoreDataProperties.m */; };
		265D7A5B274E9E6F00035D6D /* Video+CoreDataClass.m in Sources */ = {isa = PBXBuildFile; fileRef = 265D7A55274E9E6F00035D6D /* Video+CoreDataClass.m */; };
		265D7A5C274E9E6F00035D6D /* Video+CoreDataProperties.m in Sources */ = {isa = PBXBuildFile; fileRef = 265D7A56274E9E6F00035D6D /* Video+CoreDataProperties.m */; };
		265D7A5E274E9FDD00035D6D /* MigrationV6toV7.xcmappingmodel in Sources */ = {isa = PBXBuildFile; fileRef = 265D7A5D274E9FDD00035D6D /* MigrationV6toV7.xcmappingmodel */; };
		2665EB02188E69BD00ACB67A /* CoreMedia.framework in Frameworks */ = {isa = PBXBuildFile; fileRef = 2665EB01188E69BD00ACB67A /* CoreMedia.framework */; };
		26A7DFE8187EEF4C00EE15FD /* AVKit.framework in Frameworks */ = {isa = PBXBuildFile; fileRef = 26A7DFE7187EEF4B00EE15FD /* AVKit.framework */; };
		26A7E005187EFA0700EE15FD /* RAConfigVideo.m in Sources */ = {isa = PBXBuildFile; fileRef = 26A7E000187EFA0700EE15FD /* RAConfigVideo.m */; };
		26A7E006187EFA0700EE15FD /* RAConfigVideo.xib in Resources */ = {isa = PBXBuildFile; fileRef = 26A7E001187EFA0700EE15FD /* RAConfigVideo.xib */; };
		26A7E007187EFA0700EE15FD /* RAPanelController.m in Sources */ = {isa = PBXBuildFile; fileRef = 26A7E003187EFA0700EE15FD /* RAPanelController.m */; };
		26A7E008187EFA0700EE15FD /* RAPanelController.xib in Resources */ = {isa = PBXBuildFile; fileRef = 26A7E004187EFA0700EE15FD /* RAPanelController.xib */; };
		26B04A7B188D7B980017CB41 /* AVFoundation.framework in Frameworks */ = {isa = PBXBuildFile; fileRef = 26B04A7A188D7B980017CB41 /* AVFoundation.framework */; };
		26B6005B18B0EAD500979173 /* RAWindowPlayer.m in Sources */ = {isa = PBXBuildFile; fileRef = 26B6005918B0EAD500979173 /* RAWindowPlayer.m */; };
		26B6005C18B0EAD500979173 /* RAWindowPlayer.xib in Resources */ = {isa = PBXBuildFile; fileRef = 26B6005A18B0EAD500979173 /* RAWindowPlayer.xib */; };
		26BB1D0618CF5A600053CD78 /* Pelicule.png in Resources */ = {isa = PBXBuildFile; fileRef = 26BB1D0518CF5A600053CD78 /* Pelicule.png */; };
		26C246E118F596ED009229BF /* MigrationV1toV2.xcmappingmodel in Sources */ = {isa = PBXBuildFile; fileRef = 26C246D418F596ED009229BF /* MigrationV1toV2.xcmappingmodel */; };
		26C246E218F596ED009229BF /* MigrationV2toV3.xcmappingmodel in Sources */ = {isa = PBXBuildFile; fileRef = 26C246D518F596ED009229BF /* MigrationV2toV3.xcmappingmodel */; };
		26C246E318F596ED009229BF /* RADurationTransformer.m in Sources */ = {isa = PBXBuildFile; fileRef = 26C246D718F596ED009229BF /* RADurationTransformer.m */; };
		26C246E418F596ED009229BF /* RAEnabledTranformer.m in Sources */ = {isa = PBXBuildFile; fileRef = 26C246D918F596ED009229BF /* RAEnabledTranformer.m */; };
		26C246E518F596ED009229BF /* RAImageTranformer.m in Sources */ = {isa = PBXBuildFile; fileRef = 26C246DB18F596ED009229BF /* RAImageTranformer.m */; };
		26C246E618F596ED009229BF /* RALockImageTransformer.m in Sources */ = {isa = PBXBuildFile; fileRef = 26C246DD18F596ED009229BF /* RALockImageTransformer.m */; };
		26E57DA918F7D6D200ADE3E4 /* RAViewConfigVideo.m in Sources */ = {isa = PBXBuildFile; fileRef = 26E57DA718F7D6D200ADE3E4 /* RAViewConfigVideo.m */; };
		26E57DAA18F7D6D200ADE3E4 /* RAViewConfigVideo.xib in Resources */ = {isa = PBXBuildFile; fileRef = 26E57DA818F7D6D200ADE3E4 /* RAViewConfigVideo.xib */; };
		26E57DAE18F7DE5100ADE3E4 /* RAViewBase.m in Sources */ = {isa = PBXBuildFile; fileRef = 26E57DAC18F7DE5100ADE3E4 /* RAViewBase.m */; };
		26E57DAF18F7DE5100ADE3E4 /* RAViewBase.xib in Resources */ = {isa = PBXBuildFile; fileRef = 26E57DAD18F7DE5100ADE3E4 /* RAViewBase.xib */; };
		26E9333D196584D300BA83EE /* MigrationV3toV4.xcmappingmodel in Sources */ = {isa = PBXBuildFile; fileRef = 26E9333C196584D300BA83EE /* MigrationV3toV4.xcmappingmodel */; };
		26E93346196585FC00BA83EE /* MigrationV4toV5.xcmappingmodel in Sources */ = {isa = PBXBuildFile; fileRef = 26E93345196585FC00BA83EE /* MigrationV4toV5.xcmappingmodel */; };
/* End PBXBuildFile section */

/* Begin PBXContainerItemProxy section */
		2640DBA4187EEDDA003EED97 /* PBXContainerItemProxy */ = {
			isa = PBXContainerItemProxy;
			containerPortal = 2640DB71187EEDDA003EED97 /* Project object */;
			proxyType = 1;
			remoteGlobalIDString = 2640DB78187EEDDA003EED97;
			remoteInfo = iVideoLib;
		};
/* End PBXContainerItemProxy section */

/* Begin PBXFileReference section */
		26112EA61F7A99C9002358D1 /* iVideoLib-Bridging-Header.h */ = {isa = PBXFileReference; lastKnownFileType = sourcecode.c.h; path = "iVideoLib-Bridging-Header.h"; sourceTree = "<group>"; };
		261F07401B35CC6000B5F700 /* RADocument V6.xcdatamodel */ = {isa = PBXFileReference; lastKnownFileType = wrapper.xcdatamodel; path = "RADocument V6.xcdatamodel"; sourceTree = "<group>"; };
		261F07411B35CCE900B5F700 /* MigrationV5toV6.xcmappingmodel */ = {isa = PBXFileReference; lastKnownFileType = wrapper.xcmappingmodel; path = MigrationV5toV6.xcmappingmodel; sourceTree = "<group>"; };
		2640DB79187EEDDA003EED97 /* iVideoLib.app */ = {isa = PBXFileReference; explicitFileType = wrapper.application; includeInIndex = 0; path = iVideoLib.app; sourceTree = BUILT_PRODUCTS_DIR; };
		2640DB7C187EEDDA003EED97 /* Cocoa.framework */ = {isa = PBXFileReference; lastKnownFileType = wrapper.framework; name = Cocoa.framework; path = System/Library/Frameworks/Cocoa.framework; sourceTree = SDKROOT; };
		2640DB7F187EEDDA003EED97 /* AppKit.framework */ = {isa = PBXFileReference; lastKnownFileType = wrapper.framework; name = AppKit.framework; path = System/Library/Frameworks/AppKit.framework; sourceTree = SDKROOT; };
		2640DB80187EEDDA003EED97 /* CoreData.framework */ = {isa = PBXFileReference; lastKnownFileType = wrapper.framework; name = CoreData.framework; path = System/Library/Frameworks/CoreData.framework; sourceTree = SDKROOT; };
		2640DB81187EEDDA003EED97 /* Foundation.framework */ = {isa = PBXFileReference; lastKnownFileType = wrapper.framework; name = Foundation.framework; path = System/Library/Frameworks/Foundation.framework; sourceTree = SDKROOT; };
		2640DB84187EEDDA003EED97 /* iVideoLib-Info.plist */ = {isa = PBXFileReference; lastKnownFileType = text.plist.xml; path = "iVideoLib-Info.plist"; sourceTree = "<group>"; };
		2640DB86187EEDDA003EED97 /* en */ = {isa = PBXFileReference; lastKnownFileType = text.plist.strings; name = en; path = en.lproj/InfoPlist.strings; sourceTree = "<group>"; };
		2640DB88187EEDDA003EED97 /* main.m */ = {isa = PBXFileReference; lastKnownFileType = sourcecode.c.objc; path = main.m; sourceTree = "<group>"; };
		2640DB8A187EEDDA003EED97 /* iVideoLib-Prefix.pch */ = {isa = PBXFileReference; lastKnownFileType = sourcecode.c.h; path = "iVideoLib-Prefix.pch"; sourceTree = "<group>"; };
		2640DB8C187EEDDA003EED97 /* en */ = {isa = PBXFileReference; lastKnownFileType = text.rtf; name = en; path = en.lproj/Credits.rtf; sourceTree = "<group>"; };
		2640DB8E187EEDDA003EED97 /* RADocument.h */ = {isa = PBXFileReference; lastKnownFileType = sourcecode.c.h; path = RADocument.h; sourceTree = "<group>"; };
		2640DB8F187EEDDA003EED97 /* RADocument.m */ = {isa = PBXFileReference; lastKnownFileType = sourcecode.c.objc; path = RADocument.m; sourceTree = "<group>"; };
		2640DB92187EEDDA003EED97 /* Base */ = {isa = PBXFileReference; lastKnownFileType = file.xib; name = Base; path = Base.lproj/RADocument.xib; sourceTree = "<group>"; };
		2640DB95187EEDDA003EED97 /* Base */ = {isa = PBXFileReference; lastKnownFileType = file.xib; name = Base; path = Base.lproj/MainMenu.xib; sourceTree = "<group>"; };
		2640DB98187EEDDA003EED97 /* RADocument.xcdatamodel */ = {isa = PBXFileReference; lastKnownFileType = wrapper.xcdatamodel; path = RADocument.xcdatamodel; sourceTree = "<group>"; };
		2640DB9A187EEDDA003EED97 /* Images.xcassets */ = {isa = PBXFileReference; lastKnownFileType = folder.assetcatalog; path = Images.xcassets; sourceTree = "<group>"; };
		2640DBA0187EEDDA003EED97 /* iVideoLibTests.xctest */ = {isa = PBXFileReference; explicitFileType = wrapper.cfbundle; includeInIndex = 0; path = iVideoLibTests.xctest; sourceTree = BUILT_PRODUCTS_DIR; };
		2640DBA1187EEDDA003EED97 /* XCTest.framework */ = {isa = PBXFileReference; lastKnownFileType = wrapper.framework; name = XCTest.framework; path = Library/Frameworks/XCTest.framework; sourceTree = DEVELOPER_DIR; };
		2640DBA8187EEDDA003EED97 /* iVideoLibTests-Info.plist */ = {isa = PBXFileReference; lastKnownFileType = text.plist.xml; path = "iVideoLibTests-Info.plist"; sourceTree = "<group>"; };
		2640DBAA187EEDDA003EED97 /* en */ = {isa = PBXFileReference; lastKnownFileType = text.plist.strings; name = en; path = en.lproj/InfoPlist.strings; sourceTree = "<group>"; };
		2640DBAC187EEDDA003EED97 /* iVideoLibTests.m */ = {isa = PBXFileReference; lastKnownFileType = sourcecode.c.objc; path = iVideoLibTests.m; sourceTree = "<group>"; };
		265D7A4A274E7C2400035D6D /* RADocument V7.xcdatamodel */ = {isa = PBXFileReference; lastKnownFileType = wrapper.xcdatamodel; path = "RADocument V7.xcdatamodel"; sourceTree = "<group>"; };
		265D7A4B274E9E6F00035D6D /* Actor+CoreDataProperties.h */ = {isa = PBXFileReference; lastKnownFileType = sourcecode.c.h; path = "Actor+CoreDataProperties.h"; sourceTree = "<group>"; };
		265D7A4C274E9E6F00035D6D /* Actor+CoreDataClass.h */ = {isa = PBXFileReference; lastKnownFileType = sourcecode.c.h; path = "Actor+CoreDataClass.h"; sourceTree = "<group>"; };
		265D7A4D274E9E6F00035D6D /* Actor+CoreDataClass.m */ = {isa = PBXFileReference; lastKnownFileType = sourcecode.c.objc; path = "Actor+CoreDataClass.m"; sourceTree = "<group>"; };
		265D7A4E274E9E6F00035D6D /* Actor+CoreDataProperties.m */ = {isa = PBXFileReference; lastKnownFileType = sourcecode.c.objc; path = "Actor+CoreDataProperties.m"; sourceTree = "<group>"; };
		265D7A4F274E9E6F00035D6D /* Chapitre+CoreDataProperties.h */ = {isa = PBXFileReference; lastKnownFileType = sourcecode.c.h; path = "Chapitre+CoreDataProperties.h"; sourceTree = "<group>"; };
		265D7A50274E9E6F00035D6D /* Chapitre+CoreDataClass.h */ = {isa = PBXFileReference; lastKnownFileType = sourcecode.c.h; path = "Chapitre+CoreDataClass.h"; sourceTree = "<group>"; };
		265D7A51274E9E6F00035D6D /* Chapitre+CoreDataClass.m */ = {isa = PBXFileReference; lastKnownFileType = sourcecode.c.objc; path = "Chapitre+CoreDataClass.m"; sourceTree = "<group>"; };
		265D7A52274E9E6F00035D6D /* Chapitre+CoreDataProperties.m */ = {isa = PBXFileReference; lastKnownFileType = sourcecode.c.objc; path = "Chapitre+CoreDataProperties.m"; sourceTree = "<group>"; };
		265D7A53274E9E6F00035D6D /* Video+CoreDataProperties.h */ = {isa = PBXFileReference; lastKnownFileType = sourcecode.c.h; path = "Video+CoreDataProperties.h"; sourceTree = "<group>"; };
		265D7A54274E9E6F00035D6D /* Video+CoreDataClass.h */ = {isa = PBXFileReference; lastKnownFileType = sourcecode.c.h; path = "Video+CoreDataClass.h"; sourceTree = "<group>"; };
		265D7A55274E9E6F00035D6D /* Video+CoreDataClass.m */ = {isa = PBXFileReference; lastKnownFileType = sourcecode.c.objc; path = "Video+CoreDataClass.m"; sourceTree = "<group>"; };
		265D7A56274E9E6F00035D6D /* Video+CoreDataProperties.m */ = {isa = PBXFileReference; lastKnownFileType = sourcecode.c.objc; path = "Video+CoreDataProperties.m"; sourceTree = "<group>"; };
		265D7A5D274E9FDD00035D6D /* MigrationV6toV7.xcmappingmodel */ = {isa = PBXFileReference; lastKnownFileType = wrapper.xcmappingmodel; path = MigrationV6toV7.xcmappingmodel; sourceTree = "<group>"; };
		2665EB01188E69BD00ACB67A /* CoreMedia.framework */ = {isa = PBXFileReference; lastKnownFileType = wrapper.framework; name = CoreMedia.framework; path = System/Library/Frameworks/CoreMedia.framework; sourceTree = SDKROOT; };
		26A7DFE7187EEF4B00EE15FD /* AVKit.framework */ = {isa = PBXFileReference; lastKnownFileType = wrapper.framework; name = AVKit.framework; path = System/Library/Frameworks/AVKit.framework; sourceTree = SDKROOT; };
		26A7DFFF187EFA0700EE15FD /* RAConfigVideo.h */ = {isa = PBXFileReference; fileEncoding = 4; lastKnownFileType = sourcecode.c.h; path = RAConfigVideo.h; sourceTree = "<group>"; };
		26A7E000187EFA0700EE15FD /* RAConfigVideo.m */ = {isa = PBXFileReference; fileEncoding = 4; lastKnownFileType = sourcecode.c.objc; path = RAConfigVideo.m; sourceTree = "<group>"; };
		26A7E001187EFA0700EE15FD /* RAConfigVideo.xib */ = {isa = PBXFileReference; fileEncoding = 4; lastKnownFileType = file.xib; path = RAConfigVideo.xib; sourceTree = "<group>"; };
		26A7E002187EFA0700EE15FD /* RAPanelController.h */ = {isa = PBXFileReference; fileEncoding = 4; lastKnownFileType = sourcecode.c.h; path = RAPanelController.h; sourceTree = "<group>"; };
		26A7E003187EFA0700EE15FD /* RAPanelController.m */ = {isa = PBXFileReference; fileEncoding = 4; lastKnownFileType = sourcecode.c.objc; path = RAPanelController.m; sourceTree = "<group>"; };
		26A7E004187EFA0700EE15FD /* RAPanelController.xib */ = {isa = PBXFileReference; fileEncoding = 4; lastKnownFileType = file.xib; path = RAPanelController.xib; sourceTree = "<group>"; };
		26B04A7A188D7B980017CB41 /* AVFoundation.framework */ = {isa = PBXFileReference; lastKnownFileType = wrapper.framework; name = AVFoundation.framework; path = System/Library/Frameworks/AVFoundation.framework; sourceTree = SDKROOT; };
		26B6005818B0EAD500979173 /* RAWindowPlayer.h */ = {isa = PBXFileReference; fileEncoding = 4; lastKnownFileType = sourcecode.c.h; path = RAWindowPlayer.h; sourceTree = "<group>"; };
		26B6005918B0EAD500979173 /* RAWindowPlayer.m */ = {isa = PBXFileReference; fileEncoding = 4; lastKnownFileType = sourcecode.c.objc; path = RAWindowPlayer.m; sourceTree = "<group>"; };
		26B6005A18B0EAD500979173 /* RAWindowPlayer.xib */ = {isa = PBXFileReference; fileEncoding = 4; lastKnownFileType = file.xib; path = RAWindowPlayer.xib; sourceTree = "<group>"; };
		26BB1D0518CF5A600053CD78 /* Pelicule.png */ = {isa = PBXFileReference; lastKnownFileType = image.png; name = Pelicule.png; path = resource/Pelicule.png; sourceTree = "<group>"; };
		26C246CC18F58F85009229BF /* RADocument V3.xcdatamodel */ = {isa = PBXFileReference; lastKnownFileType = wrapper.xcdatamodel; path = "RADocument V3.xcdatamodel"; sourceTree = "<group>"; };
		26C246D418F596ED009229BF /* MigrationV1toV2.xcmappingmodel */ = {isa = PBXFileReference; lastKnownFileType = wrapper.xcmappingmodel; path = MigrationV1toV2.xcmappingmodel; sourceTree = "<group>"; };
		26C246D518F596ED009229BF /* MigrationV2toV3.xcmappingmodel */ = {isa = PBXFileReference; lastKnownFileType = wrapper.xcmappingmodel; path = MigrationV2toV3.xcmappingmodel; sourceTree = "<group>"; };
		26C246D618F596ED009229BF /* RADurationTransformer.h */ = {isa = PBXFileReference; fileEncoding = 4; lastKnownFileType = sourcecode.c.h; path = RADurationTransformer.h; sourceTree = "<group>"; };
		26C246D718F596ED009229BF /* RADurationTransformer.m */ = {isa = PBXFileReference; fileEncoding = 4; lastKnownFileType = sourcecode.c.objc; path = RADurationTransformer.m; sourceTree = "<group>"; };
		26C246D818F596ED009229BF /* RAEnabledTranformer.h */ = {isa = PBXFileReference; fileEncoding = 4; lastKnownFileType = sourcecode.c.h; path = RAEnabledTranformer.h; sourceTree = "<group>"; };
		26C246D918F596ED009229BF /* RAEnabledTranformer.m */ = {isa = PBXFileReference; fileEncoding = 4; lastKnownFileType = sourcecode.c.objc; path = RAEnabledTranformer.m; sourceTree = "<group>"; };
		26C246DA18F596ED009229BF /* RAImageTranformer.h */ = {isa = PBXFileReference; fileEncoding = 4; lastKnownFileType = sourcecode.c.h; path = RAImageTranformer.h; sourceTree = "<group>"; };
		26C246DB18F596ED009229BF /* RAImageTranformer.m */ = {isa = PBXFileReference; fileEncoding = 4; lastKnownFileType = sourcecode.c.objc; path = RAImageTranformer.m; sourceTree = "<group>"; };
		26C246DC18F596ED009229BF /* RALockImageTransformer.h */ = {isa = PBXFileReference; fileEncoding = 4; lastKnownFileType = sourcecode.c.h; path = RALockImageTransformer.h; sourceTree = "<group>"; };
		26C246DD18F596ED009229BF /* RALockImageTransformer.m */ = {isa = PBXFileReference; fileEncoding = 4; lastKnownFileType = sourcecode.c.objc; path = RALockImageTransformer.m; sourceTree = "<group>"; };
		26CDB6E718EF083C00D23294 /* RADocument V2.xcdatamodel */ = {isa = PBXFileReference; lastKnownFileType = wrapper.xcdatamodel; path = "RADocument V2.xcdatamodel"; sourceTree = "<group>"; };
		26E57DA618F7D6D200ADE3E4 /* RAViewConfigVideo.h */ = {isa = PBXFileReference; fileEncoding = 4; lastKnownFileType = sourcecode.c.h; path = RAViewConfigVideo.h; sourceTree = "<group>"; };
		26E57DA718F7D6D200ADE3E4 /* RAViewConfigVideo.m */ = {isa = PBXFileReference; fileEncoding = 4; lastKnownFileType = sourcecode.c.objc; path = RAViewConfigVideo.m; sourceTree = "<group>"; };
		26E57DA818F7D6D200ADE3E4 /* RAViewConfigVideo.xib */ = {isa = PBXFileReference; fileEncoding = 4; lastKnownFileType = file.xib; path = RAViewConfigVideo.xib; sourceTree = "<group>"; };
		26E57DAB18F7DE5100ADE3E4 /* RAViewBase.h */ = {isa = PBXFileReference; fileEncoding = 4; lastKnownFileType = sourcecode.c.h; path = RAViewBase.h; sourceTree = "<group>"; };
		26E57DAC18F7DE5100ADE3E4 /* RAViewBase.m */ = {isa = PBXFileReference; fileEncoding = 4; lastKnownFileType = sourcecode.c.objc; path = RAViewBase.m; sourceTree = "<group>"; };
		26E57DAD18F7DE5100ADE3E4 /* RAViewBase.xib */ = {isa = PBXFileReference; fileEncoding = 4; lastKnownFileType = file.xib; path = RAViewBase.xib; sourceTree = "<group>"; };
		26E9333B196582DE00BA83EE /* RADocument V4.xcdatamodel */ = {isa = PBXFileReference; lastKnownFileType = wrapper.xcdatamodel; path = "RADocument V4.xcdatamodel"; sourceTree = "<group>"; };
		26E9333C196584D300BA83EE /* MigrationV3toV4.xcmappingmodel */ = {isa = PBXFileReference; lastKnownFileType = wrapper.xcmappingmodel; path = MigrationV3toV4.xcmappingmodel; sourceTree = "<group>"; };
		26E933411965859700BA83EE /* RADocument V5.xcdatamodel */ = {isa = PBXFileReference; lastKnownFileType = wrapper.xcdatamodel; path = "RADocument V5.xcdatamodel"; sourceTree = "<group>"; };
		26E93345196585FC00BA83EE /* MigrationV4toV5.xcmappingmodel */ = {isa = PBXFileReference; lastKnownFileType = wrapper.xcmappingmodel; path = MigrationV4toV5.xcmappingmodel; sourceTree = "<group>"; };
/* End PBXFileReference section */

/* Begin PBXFrameworksBuildPhase section */
		2640DB76187EEDDA003EED97 /* Frameworks */ = {
			isa = PBXFrameworksBuildPhase;
			buildActionMask = 2147483647;
			files = (
				2665EB02188E69BD00ACB67A /* CoreMedia.framework in Frameworks */,
				26B04A7B188D7B980017CB41 /* AVFoundation.framework in Frameworks */,
				26A7DFE8187EEF4C00EE15FD /* AVKit.framework in Frameworks */,
				2640DB7D187EEDDA003EED97 /* Cocoa.framework in Frameworks */,
			);
			runOnlyForDeploymentPostprocessing = 0;
		};
		2640DB9D187EEDDA003EED97 /* Frameworks */ = {
			isa = PBXFrameworksBuildPhase;
			buildActionMask = 2147483647;
			files = (
				2640DBA3187EEDDA003EED97 /* Cocoa.framework in Frameworks */,
				2640DBA2187EEDDA003EED97 /* XCTest.framework in Frameworks */,
			);
			runOnlyForDeploymentPostprocessing = 0;
		};
/* End PBXFrameworksBuildPhase section */

/* Begin PBXGroup section */
		2640DB70187EEDDA003EED97 = {
			isa = PBXGroup;
			children = (
				2640DB82187EEDDA003EED97 /* iVideoLib */,
				2640DBA6187EEDDA003EED97 /* iVideoLibTests */,
				2640DB7B187EEDDA003EED97 /* Frameworks */,
				2640DB7A187EEDDA003EED97 /* Products */,
			);
			sourceTree = "<group>";
		};
		2640DB7A187EEDDA003EED97 /* Products */ = {
			isa = PBXGroup;
			children = (
				2640DB79187EEDDA003EED97 /* iVideoLib.app */,
				2640DBA0187EEDDA003EED97 /* iVideoLibTests.xctest */,
			);
			name = Products;
			sourceTree = "<group>";
		};
		2640DB7B187EEDDA003EED97 /* Frameworks */ = {
			isa = PBXGroup;
			children = (
				2665EB01188E69BD00ACB67A /* CoreMedia.framework */,
				26B04A7A188D7B980017CB41 /* AVFoundation.framework */,
				26A7DFE7187EEF4B00EE15FD /* AVKit.framework */,
				2640DB7C187EEDDA003EED97 /* Cocoa.framework */,
				2640DBA1187EEDDA003EED97 /* XCTest.framework */,
				2640DB7E187EEDDA003EED97 /* Other Frameworks */,
			);
			name = Frameworks;
			sourceTree = "<group>";
		};
		2640DB7E187EEDDA003EED97 /* Other Frameworks */ = {
			isa = PBXGroup;
			children = (
				2640DB7F187EEDDA003EED97 /* AppKit.framework */,
				2640DB80187EEDDA003EED97 /* CoreData.framework */,
				2640DB81187EEDDA003EED97 /* Foundation.framework */,
			);
			name = "Other Frameworks";
			sourceTree = "<group>";
		};
		2640DB82187EEDDA003EED97 /* iVideoLib */ = {
			isa = PBXGroup;
			children = (
				26BB1D0418CF5A320053CD78 /* Resource */,
				264E4F9D187FFC420020DD5A /* View */,
				26A7DFFE187EFA0700EE15FD /* Panel */,
				2640DB8E187EEDDA003EED97 /* RADocument.h */,
				2640DB8F187EEDDA003EED97 /* RADocument.m */,
				2640DB91187EEDDA003EED97 /* RADocument.xib */,
				2640DB94187EEDDA003EED97 /* MainMenu.xib */,
				2640DB9A187EEDDA003EED97 /* Images.xcassets */,
				2640DB97187EEDDA003EED97 /* RADocument.xcdatamodeld */,
				26A7DFEF187EF51B00EE15FD /* DataBase */,
				2640DB83187EEDDA003EED97 /* Supporting Files */,
				26B6005818B0EAD500979173 /* RAWindowPlayer.h */,
				26B6005918B0EAD500979173 /* RAWindowPlayer.m */,
				26B6005A18B0EAD500979173 /* RAWindowPlayer.xib */,
			);
			path = iVideoLib;
			sourceTree = "<group>";
		};
		2640DB83187EEDDA003EED97 /* Supporting Files */ = {
			isa = PBXGroup;
			children = (
				2640DB84187EEDDA003EED97 /* iVideoLib-Info.plist */,
				2640DB85187EEDDA003EED97 /* InfoPlist.strings */,
				2640DB88187EEDDA003EED97 /* main.m */,
				2640DB8A187EEDDA003EED97 /* iVideoLib-Prefix.pch */,
				2640DB8B187EEDDA003EED97 /* Credits.rtf */,
			);
			name = "Supporting Files";
			sourceTree = "<group>";
		};
		2640DBA6187EEDDA003EED97 /* iVideoLibTests */ = {
			isa = PBXGroup;
			children = (
				2640DBAC187EEDDA003EED97 /* iVideoLibTests.m */,
				2640DBA7187EEDDA003EED97 /* Supporting Files */,
			);
			path = iVideoLibTests;
			sourceTree = "<group>";
		};
		2640DBA7187EEDDA003EED97 /* Supporting Files */ = {
			isa = PBXGroup;
			children = (
				2640DBA8187EEDDA003EED97 /* iVideoLibTests-Info.plist */,
				2640DBA9187EEDDA003EED97 /* InfoPlist.strings */,
			);
			name = "Supporting Files";
			sourceTree = "<group>";
		};
		264E4F9D187FFC420020DD5A /* View */ = {
			isa = PBXGroup;
			children = (
				26E57DA618F7D6D200ADE3E4 /* RAViewConfigVideo.h */,
				26E57DA718F7D6D200ADE3E4 /* RAViewConfigVideo.m */,
				26E57DA818F7D6D200ADE3E4 /* RAViewConfigVideo.xib */,
				26E57DAB18F7DE5100ADE3E4 /* RAViewBase.h */,
				26E57DAC18F7DE5100ADE3E4 /* RAViewBase.m */,
				26E57DAD18F7DE5100ADE3E4 /* RAViewBase.xib */,
				26112EA61F7A99C9002358D1 /* iVideoLib-Bridging-Header.h */,
			);
			path = View;
			sourceTree = "<group>";
		};
		26A7DFEF187EF51B00EE15FD /* DataBase */ = {
			isa = PBXGroup;
			children = (
				265D7A4B274E9E6F00035D6D /* Actor+CoreDataProperties.h */,
				265D7A4C274E9E6F00035D6D /* Actor+CoreDataClass.h */,
				265D7A4D274E9E6F00035D6D /* Actor+CoreDataClass.m */,
				265D7A4E274E9E6F00035D6D /* Actor+CoreDataProperties.m */,
				265D7A4F274E9E6F00035D6D /* Chapitre+CoreDataProperties.h */,
				265D7A50274E9E6F00035D6D /* Chapitre+CoreDataClass.h */,
				265D7A51274E9E6F00035D6D /* Chapitre+CoreDataClass.m */,
				265D7A52274E9E6F00035D6D /* Chapitre+CoreDataProperties.m */,
				265D7A53274E9E6F00035D6D /* Video+CoreDataProperties.h */,
				265D7A54274E9E6F00035D6D /* Video+CoreDataClass.h */,
				265D7A55274E9E6F00035D6D /* Video+CoreDataClass.m */,
				265D7A56274E9E6F00035D6D /* Video+CoreDataProperties.m */,
				26C246D418F596ED009229BF /* MigrationV1toV2.xcmappingmodel */,
				26C246D518F596ED009229BF /* MigrationV2toV3.xcmappingmodel */,
				26C246D618F596ED009229BF /* RADurationTransformer.h */,
				26C246D718F596ED009229BF /* RADurationTransformer.m */,
				26C246D818F596ED009229BF /* RAEnabledTranformer.h */,
				26C246D918F596ED009229BF /* RAEnabledTranformer.m */,
				26C246DA18F596ED009229BF /* RAImageTranformer.h */,
				26C246DB18F596ED009229BF /* RAImageTranformer.m */,
				26C246DC18F596ED009229BF /* RALockImageTransformer.h */,
				26C246DD18F596ED009229BF /* RALockImageTransformer.m */,
				26E9333C196584D300BA83EE /* MigrationV3toV4.xcmappingmodel */,
				26E93345196585FC00BA83EE /* MigrationV4toV5.xcmappingmodel */,
				261F07411B35CCE900B5F700 /* MigrationV5toV6.xcmappingmodel */,
				265D7A5D274E9FDD00035D6D /* MigrationV6toV7.xcmappingmodel */,
			);
			path = DataBase;
			sourceTree = "<group>";
		};
		26A7DFFE187EFA0700EE15FD /* Panel */ = {
			isa = PBXGroup;
			children = (
				26A7DFFF187EFA0700EE15FD /* RAConfigVideo.h */,
				26A7E000187EFA0700EE15FD /* RAConfigVideo.m */,
				26A7E001187EFA0700EE15FD /* RAConfigVideo.xib */,
				26A7E002187EFA0700EE15FD /* RAPanelController.h */,
				26A7E003187EFA0700EE15FD /* RAPanelController.m */,
				26A7E004187EFA0700EE15FD /* RAPanelController.xib */,
			);
			path = Panel;
			sourceTree = "<group>";
		};
		26BB1D0418CF5A320053CD78 /* Resource */ = {
			isa = PBXGroup;
			children = (
				26BB1D0518CF5A600053CD78 /* Pelicule.png */,
			);
			name = Resource;
			sourceTree = "<group>";
		};
/* End PBXGroup section */

/* Begin PBXNativeTarget section */
		2640DB78187EEDDA003EED97 /* iVideoLib */ = {
			isa = PBXNativeTarget;
			buildConfigurationList = 2640DBB0187EEDDA003EED97 /* Build configuration list for PBXNativeTarget "iVideoLib" */;
			buildPhases = (
				2640DB75187EEDDA003EED97 /* Sources */,
				2640DB76187EEDDA003EED97 /* Frameworks */,
				2640DB77187EEDDA003EED97 /* Resources */,
			);
			buildRules = (
			);
			dependencies = (
			);
			name = iVideoLib;
			productName = iVideoLib;
			productReference = 2640DB79187EEDDA003EED97 /* iVideoLib.app */;
			productType = "com.apple.product-type.application";
		};
		2640DB9F187EEDDA003EED97 /* iVideoLibTests */ = {
			isa = PBXNativeTarget;
			buildConfigurationList = 2640DBB3187EEDDA003EED97 /* Build configuration list for PBXNativeTarget "iVideoLibTests" */;
			buildPhases = (
				2640DB9C187EEDDA003EED97 /* Sources */,
				2640DB9D187EEDDA003EED97 /* Frameworks */,
				2640DB9E187EEDDA003EED97 /* Resources */,
			);
			buildRules = (
			);
			dependencies = (
				2640DBA5187EEDDA003EED97 /* PBXTargetDependency */,
			);
			name = iVideoLibTests;
			productName = iVideoLibTests;
			productReference = 2640DBA0187EEDDA003EED97 /* iVideoLibTests.xctest */;
			productType = "com.apple.product-type.bundle.unit-test";
		};
/* End PBXNativeTarget section */

/* Begin PBXProject section */
		2640DB71187EEDDA003EED97 /* Project object */ = {
			isa = PBXProject;
			attributes = {
				CLASSPREFIX = RA;
				LastUpgradeCheck = 1310;
				ORGANIZATIONNAME = "Philippe Fouquet";
				TargetAttributes = {
					2640DB78187EEDDA003EED97 = {
						LastSwiftMigration = "";
					};
					2640DB9F187EEDDA003EED97 = {
						TestTargetID = 2640DB78187EEDDA003EED97;
					};
				};
			};
			buildConfigurationList = 2640DB74187EEDDA003EED97 /* Build configuration list for PBXProject "iVideoLib" */;
			compatibilityVersion = "Xcode 11.4";
			developmentRegion = en;
			hasScannedForEncodings = 0;
			knownRegions = (
				en,
				Base,
			);
			mainGroup = 2640DB70187EEDDA003EED97;
			productRefGroup = 2640DB7A187EEDDA003EED97 /* Products */;
			projectDirPath = "";
			projectRoot = "";
			targets = (
				2640DB78187EEDDA003EED97 /* iVideoLib */,
				2640DB9F187EEDDA003EED97 /* iVideoLibTests */,
			);
		};
/* End PBXProject section */

/* Begin PBXResourcesBuildPhase section */
		2640DB77187EEDDA003EED97 /* Resources */ = {
			isa = PBXResourcesBuildPhase;
			buildActionMask = 2147483647;
			files = (
				2640DB93187EEDDA003EED97 /* RADocument.xib in Resources */,
				26E57DAA18F7D6D200ADE3E4 /* RAViewConfigVideo.xib in Resources */,
				26A7E008187EFA0700EE15FD /* RAPanelController.xib in Resources */,
				2640DB9B187EEDDA003EED97 /* Images.xcassets in Resources */,
				2640DB87187EEDDA003EED97 /* InfoPlist.strings in Resources */,
				2640DB8D187EEDDA003EED97 /* Credits.rtf in Resources */,
				2640DB96187EEDDA003EED97 /* MainMenu.xib in Resources */,
				26A7E006187EFA0700EE15FD /* RAConfigVideo.xib in Resources */,
				26E57DAF18F7DE5100ADE3E4 /* RAViewBase.xib in Resources */,
				26BB1D0618CF5A600053CD78 /* Pelicule.png in Resources */,
				26B6005C18B0EAD500979173 /* RAWindowPlayer.xib in Resources */,
			);
			runOnlyForDeploymentPostprocessing = 0;
		};
		2640DB9E187EEDDA003EED97 /* Resources */ = {
			isa = PBXResourcesBuildPhase;
			buildActionMask = 2147483647;
			files = (
				2640DBAB187EEDDA003EED97 /* InfoPlist.strings in Resources */,
			);
			runOnlyForDeploymentPostprocessing = 0;
		};
/* End PBXResourcesBuildPhase section */

/* Begin PBXSourcesBuildPhase section */
		2640DB75187EEDDA003EED97 /* Sources */ = {
			isa = PBXSourcesBuildPhase;
			buildActionMask = 2147483647;
			files = (
				265D7A5C274E9E6F00035D6D /* Video+CoreDataProperties.m in Sources */,
				26E57DAE18F7DE5100ADE3E4 /* RAViewBase.m in Sources */,
				265D7A57274E9E6F00035D6D /* Actor+CoreDataClass.m in Sources */,
				2640DB89187EEDDA003EED97 /* main.m in Sources */,
				2640DB90187EEDDA003EED97 /* RADocument.m in Sources */,
				26E9333D196584D300BA83EE /* MigrationV3toV4.xcmappingmodel in Sources */,
				26C246E518F596ED009229BF /* RAImageTranformer.m in Sources */,
				261F07421B35CCE900B5F700 /* MigrationV5toV6.xcmappingmodel in Sources */,
				265D7A59274E9E6F00035D6D /* Chapitre+CoreDataClass.m in Sources */,
				26C246E318F596ED009229BF /* RADurationTransformer.m in Sources */,
				265D7A5E274E9FDD00035D6D /* MigrationV6toV7.xcmappingmodel in Sources */,
				265D7A5A274E9E6F00035D6D /* Chapitre+CoreDataProperties.m in Sources */,
				26C246E118F596ED009229BF /* MigrationV1toV2.xcmappingmodel in Sources */,
				26A7E005187EFA0700EE15FD /* RAConfigVideo.m in Sources */,
				265D7A58274E9E6F00035D6D /* Actor+CoreDataProperties.m in Sources */,
				26C246E618F596ED009229BF /* RALockImageTransformer.m in Sources */,
				26E57DA918F7D6D200ADE3E4 /* RAViewConfigVideo.m in Sources */,
				26C246E418F596ED009229BF /* RAEnabledTranformer.m in Sources */,
				26A7E007187EFA0700EE15FD /* RAPanelController.m in Sources */,
				265D7A5B274E9E6F00035D6D /* Video+CoreDataClass.m in Sources */,
				26C246E218F596ED009229BF /* MigrationV2toV3.xcmappingmodel in Sources */,
				2640DB99187EEDDA003EED97 /* RADocument.xcdatamodeld in Sources */,
				26B6005B18B0EAD500979173 /* RAWindowPlayer.m in Sources */,
				26E93346196585FC00BA83EE /* MigrationV4toV5.xcmappingmodel in Sources */,
			);
			runOnlyForDeploymentPostprocessing = 0;
		};
		2640DB9C187EEDDA003EED97 /* Sources */ = {
			isa = PBXSourcesBuildPhase;
			buildActionMask = 2147483647;
			files = (
				2640DBAD187EEDDA003EED97 /* iVideoLibTests.m in Sources */,
			);
			runOnlyForDeploymentPostprocessing = 0;
		};
/* End PBXSourcesBuildPhase section */

/* Begin PBXTargetDependency section */
		2640DBA5187EEDDA003EED97 /* PBXTargetDependency */ = {
			isa = PBXTargetDependency;
			target = 2640DB78187EEDDA003EED97 /* iVideoLib */;
			targetProxy = 2640DBA4187EEDDA003EED97 /* PBXContainerItemProxy */;
		};
/* End PBXTargetDependency section */

/* Begin PBXVariantGroup section */
		2640DB85187EEDDA003EED97 /* InfoPlist.strings */ = {
			isa = PBXVariantGroup;
			children = (
				2640DB86187EEDDA003EED97 /* en */,
			);
			name = InfoPlist.strings;
			sourceTree = "<group>";
		};
		2640DB8B187EEDDA003EED97 /* Credits.rtf */ = {
			isa = PBXVariantGroup;
			children = (
				2640DB8C187EEDDA003EED97 /* en */,
			);
			name = Credits.rtf;
			sourceTree = "<group>";
		};
		2640DB91187EEDDA003EED97 /* RADocument.xib */ = {
			isa = PBXVariantGroup;
			children = (
				2640DB92187EEDDA003EED97 /* Base */,
			);
			name = RADocument.xib;
			sourceTree = "<group>";
		};
		2640DB94187EEDDA003EED97 /* MainMenu.xib */ = {
			isa = PBXVariantGroup;
			children = (
				2640DB95187EEDDA003EED97 /* Base */,
			);
			name = MainMenu.xib;
			sourceTree = "<group>";
		};
		2640DBA9187EEDDA003EED97 /* InfoPlist.strings */ = {
			isa = PBXVariantGroup;
			children = (
				2640DBAA187EEDDA003EED97 /* en */,
			);
			name = InfoPlist.strings;
			sourceTree = "<group>";
		};
/* End PBXVariantGroup section */

/* Begin XCBuildConfiguration section */
		2640DBAE187EEDDA003EED97 /* Debug */ = {
			isa = XCBuildConfiguration;
			buildSettings = {
				ALWAYS_SEARCH_USER_PATHS = NO;
				CLANG_ANALYZER_LOCALIZABILITY_NONLOCALIZED = YES;
				CLANG_CXX_LANGUAGE_STANDARD = "gnu++0x";
				CLANG_CXX_LIBRARY = "libc++";
				CLANG_ENABLE_OBJC_ARC = YES;
				CLANG_WARN_BLOCK_CAPTURE_AUTORELEASING = YES;
				CLANG_WARN_BOOL_CONVERSION = YES;
				CLANG_WARN_COMMA = YES;
				CLANG_WARN_CONSTANT_CONVERSION = YES;
				CLANG_WARN_DEPRECATED_OBJC_IMPLEMENTATIONS = YES;
				CLANG_WARN_DIRECT_OBJC_ISA_USAGE = YES_ERROR;
				CLANG_WARN_EMPTY_BODY = YES;
				CLANG_WARN_ENUM_CONVERSION = YES;
				CLANG_WARN_INFINITE_RECURSION = YES;
				CLANG_WARN_INT_CONVERSION = YES;
				CLANG_WARN_NON_LITERAL_NULL_CONVERSION = YES;
				CLANG_WARN_OBJC_IMPLICIT_RETAIN_SELF = YES;
				CLANG_WARN_OBJC_LITERAL_CONVERSION = YES;
				CLANG_WARN_OBJC_ROOT_CLASS = YES_ERROR;
				CLANG_WARN_QUOTED_INCLUDE_IN_FRAMEWORK_HEADER = YES;
				CLANG_WARN_RANGE_LOOP_ANALYSIS = YES;
				CLANG_WARN_STRICT_PROTOTYPES = YES;
				CLANG_WARN_SUSPICIOUS_MOVE = YES;
				CLANG_WARN_UNREACHABLE_CODE = YES;
				CLANG_WARN__DUPLICATE_METHOD_MATCH = YES;
				COPY_PHASE_STRIP = NO;
				DEBUG_INFORMATION_FORMAT = "dwarf-with-dsym";
				ENABLE_STRICT_OBJC_MSGSEND = YES;
				ENABLE_TESTABILITY = YES;
				GCC_C_LANGUAGE_STANDARD = gnu99;
				GCC_DYNAMIC_NO_PIC = NO;
				GCC_ENABLE_OBJC_EXCEPTIONS = YES;
				GCC_NO_COMMON_BLOCKS = YES;
				GCC_OPTIMIZATION_LEVEL = 0;
				GCC_PREPROCESSOR_DEFINITIONS = (
					"DEBUG=1",
					"$(inherited)",
				);
				GCC_SYMBOLS_PRIVATE_EXTERN = NO;
				GCC_WARN_64_TO_32_BIT_CONVERSION = YES;
				GCC_WARN_ABOUT_RETURN_TYPE = YES_ERROR;
				GCC_WARN_UNDECLARED_SELECTOR = YES;
				GCC_WARN_UNINITIALIZED_AUTOS = YES;
				GCC_WARN_UNUSED_FUNCTION = YES;
				GCC_WARN_UNUSED_VARIABLE = YES;
				MACOSX_DEPLOYMENT_TARGET = 10.15;
				ONLY_ACTIVE_ARCH = YES;
				SDKROOT = macosx;
			};
			name = Debug;
		};
		2640DBAF187EEDDA003EED97 /* Release */ = {
			isa = XCBuildConfiguration;
			buildSettings = {
				ALWAYS_SEARCH_USER_PATHS = NO;
				CLANG_ANALYZER_LOCALIZABILITY_NONLOCALIZED = YES;
				CLANG_CXX_LANGUAGE_STANDARD = "gnu++0x";
				CLANG_CXX_LIBRARY = "libc++";
				CLANG_ENABLE_OBJC_ARC = YES;
				CLANG_WARN_BLOCK_CAPTURE_AUTORELEASING = YES;
				CLANG_WARN_BOOL_CONVERSION = YES;
				CLANG_WARN_COMMA = YES;
				CLANG_WARN_CONSTANT_CONVERSION = YES;
				CLANG_WARN_DEPRECATED_OBJC_IMPLEMENTATIONS = YES;
				CLANG_WARN_DIRECT_OBJC_ISA_USAGE = YES_ERROR;
				CLANG_WARN_EMPTY_BODY = YES;
				CLANG_WARN_ENUM_CONVERSION = YES;
				CLANG_WARN_INFINITE_RECURSION = YES;
				CLANG_WARN_INT_CONVERSION = YES;
				CLANG_WARN_NON_LITERAL_NULL_CONVERSION = YES;
				CLANG_WARN_OBJC_IMPLICIT_RETAIN_SELF = YES;
				CLANG_WARN_OBJC_LITERAL_CONVERSION = YES;
				CLANG_WARN_OBJC_ROOT_CLASS = YES_ERROR;
				CLANG_WARN_QUOTED_INCLUDE_IN_FRAMEWORK_HEADER = YES;
				CLANG_WARN_RANGE_LOOP_ANALYSIS = YES;
				CLANG_WARN_STRICT_PROTOTYPES = YES;
				CLANG_WARN_SUSPICIOUS_MOVE = YES;
				CLANG_WARN_UNREACHABLE_CODE = YES;
				CLANG_WARN__DUPLICATE_METHOD_MATCH = YES;
				COPY_PHASE_STRIP = YES;
				DEBUG_INFORMATION_FORMAT = "dwarf-with-dsym";
				ENABLE_NS_ASSERTIONS = NO;
				ENABLE_STRICT_OBJC_MSGSEND = YES;
				GCC_C_LANGUAGE_STANDARD = gnu99;
				GCC_ENABLE_OBJC_EXCEPTIONS = YES;
				GCC_NO_COMMON_BLOCKS = YES;
				GCC_WARN_64_TO_32_BIT_CONVERSION = YES;
				GCC_WARN_ABOUT_RETURN_TYPE = YES_ERROR;
				GCC_WARN_UNDECLARED_SELECTOR = YES;
				GCC_WARN_UNINITIALIZED_AUTOS = YES;
				GCC_WARN_UNUSED_FUNCTION = YES;
				GCC_WARN_UNUSED_VARIABLE = YES;
				MACOSX_DEPLOYMENT_TARGET = 10.15;
				SDKROOT = macosx;
				SWIFT_COMPILATION_MODE = wholemodule;
				SWIFT_OPTIMIZATION_LEVEL = "-O";
			};
			name = Release;
		};
		2640DBB1187EEDDA003EED97 /* Debug */ = {
			isa = XCBuildConfiguration;
			buildSettings = {
				ASSETCATALOG_COMPILER_APPICON_NAME = AppIcon;
				CLANG_ENABLE_MODULES = YES;
				CODE_SIGN_IDENTITY = "Apple Development";
				CODE_SIGN_STYLE = Automatic;
				COMBINE_HIDPI_IMAGES = YES;
				DEBUG_INFORMATION_FORMAT = "dwarf-with-dsym";
				DEVELOPMENT_TEAM = VE6J2BA427;
				ENABLE_HARDENED_RUNTIME = YES;
				GCC_PRECOMPILE_PREFIX_HEADER = YES;
				GCC_PREFIX_HEADER = "iVideoLib/iVideoLib-Prefix.pch";
				INFOPLIST_FILE = "iVideoLib/iVideoLib-Info.plist";
				LD_RUNPATH_SEARCH_PATHS = (
					"$(inherited)",
					"@executable_path/../Frameworks",
				);
				PRODUCT_BUNDLE_IDENTIFIER = "ph.fouquet.${PRODUCT_NAME:rfc1034identifier}";
				PRODUCT_NAME = "$(TARGET_NAME)";
				PROVISIONING_PROFILE_SPECIFIER = "";
				SWIFT_OBJC_BRIDGING_HEADER = "iVideoLib/View/iVideoLib-Bridging-Header.h";
				SWIFT_OPTIMIZATION_LEVEL = "-Onone";
				SWIFT_SWIFT3_OBJC_INFERENCE = On;
				SWIFT_VERSION = 4.0;
				WRAPPER_EXTENSION = app;
			};
			name = Debug;
		};
		2640DBB2187EEDDA003EED97 /* Release */ = {
			isa = XCBuildConfiguration;
			buildSettings = {
				ASSETCATALOG_COMPILER_APPICON_NAME = AppIcon;
				CLANG_ENABLE_MODULES = YES;
				CODE_SIGN_IDENTITY = "Apple Development";
				CODE_SIGN_STYLE = Automatic;
				COMBINE_HIDPI_IMAGES = YES;
				DEVELOPMENT_TEAM = VE6J2BA427;
				ENABLE_HARDENED_RUNTIME = YES;
				GCC_PRECOMPILE_PREFIX_HEADER = YES;
				GCC_PREFIX_HEADER = "iVideoLib/iVideoLib-Prefix.pch";
				INFOPLIST_FILE = "iVideoLib/iVideoLib-Info.plist";
				LD_RUNPATH_SEARCH_PATHS = (
					"$(inherited)",
					"@executable_path/../Frameworks",
				);
				PRODUCT_BUNDLE_IDENTIFIER = "ph.fouquet.${PRODUCT_NAME:rfc1034identifier}";
				PRODUCT_NAME = "$(TARGET_NAME)";
				PROVISIONING_PROFILE_SPECIFIER = "";
				SWIFT_OBJC_BRIDGING_HEADER = "iVideoLib/View/iVideoLib-Bridging-Header.h";
				SWIFT_SWIFT3_OBJC_INFERENCE = On;
				SWIFT_VERSION = 4.0;
				WRAPPER_EXTENSION = app;
			};
			name = Release;
		};
		2640DBB4187EEDDA003EED97 /* Debug */ = {
			isa = XCBuildConfiguration;
			buildSettings = {
				BUNDLE_LOADER = "$(BUILT_PRODUCTS_DIR)/iVideoLib.app/Contents/MacOS/iVideoLib";
				COMBINE_HIDPI_IMAGES = YES;
				FRAMEWORK_SEARCH_PATHS = (
					"$(DEVELOPER_FRAMEWORKS_DIR)",
					"$(inherited)",
				);
				GCC_PRECOMPILE_PREFIX_HEADER = YES;
				GCC_PREFIX_HEADER = "iVideoLib/iVideoLib-Prefix.pch";
				GCC_PREPROCESSOR_DEFINITIONS = (
					"DEBUG=1",
					"$(inherited)",
				);
				INFOPLIST_FILE = "iVideoLibTests/iVideoLibTests-Info.plist";
				PRODUCT_BUNDLE_IDENTIFIER = "ph.fouquet.${PRODUCT_NAME:rfc1034identifier}";
				PRODUCT_NAME = "$(TARGET_NAME)";
				TEST_HOST = "$(BUNDLE_LOADER)";
				WRAPPER_EXTENSION = xctest;
			};
			name = Debug;
		};
		2640DBB5187EEDDA003EED97 /* Release */ = {
			isa = XCBuildConfiguration;
			buildSettings = {
				BUNDLE_LOADER = "$(BUILT_PRODUCTS_DIR)/iVideoLib.app/Contents/MacOS/iVideoLib";
				COMBINE_HIDPI_IMAGES = YES;
				FRAMEWORK_SEARCH_PATHS = (
					"$(DEVELOPER_FRAMEWORKS_DIR)",
					"$(inherited)",
				);
				GCC_PRECOMPILE_PREFIX_HEADER = YES;
				GCC_PREFIX_HEADER = "iVideoLib/iVideoLib-Prefix.pch";
				INFOPLIST_FILE = "iVideoLibTests/iVideoLibTests-Info.plist";
				PRODUCT_BUNDLE_IDENTIFIER = "ph.fouquet.${PRODUCT_NAME:rfc1034identifier}";
				PRODUCT_NAME = "$(TARGET_NAME)";
				TEST_HOST = "$(BUNDLE_LOADER)";
				WRAPPER_EXTENSION = xctest;
			};
			name = Release;
		};
/* End XCBuildConfiguration section */

/* Begin XCConfigurationList section */
		2640DB74187EEDDA003EED97 /* Build configuration list for PBXProject "iVideoLib" */ = {
			isa = XCConfigurationList;
			buildConfigurations = (
				2640DBAE187EEDDA003EED97 /* Debug */,
				2640DBAF187EEDDA003EED97 /* Release */,
			);
			defaultConfigurationIsVisible = 0;
			defaultConfigurationName = Debug;
		};
		2640DBB0187EEDDA003EED97 /* Build configuration list for PBXNativeTarget "iVideoLib" */ = {
			isa = XCConfigurationList;
			buildConfigurations = (
				2640DBB1187EEDDA003EED97 /* Debug */,
				2640DBB2187EEDDA003EED97 /* Release */,
			);
			defaultConfigurationIsVisible = 0;
			defaultConfigurationName = Debug;
		};
		2640DBB3187EEDDA003EED97 /* Build configuration list for PBXNativeTarget "iVideoLibTests" */ = {
			isa = XCConfigurationList;
			buildConfigurations = (
				2640DBB4187EEDDA003EED97 /* Debug */,
				2640DBB5187EEDDA003EED97 /* Release */,
			);
			defaultConfigurationIsVisible = 0;
			defaultConfigurationName = Debug;
		};
/* End XCConfigurationList section */

/* Begin XCVersionGroup section */
		2640DB97187EEDDA003EED97 /* RADocument.xcdatamodeld */ = {
			isa = XCVersionGroup;
			children = (
				265D7A4A274E7C2400035D6D /* RADocument V7.xcdatamodel */,
				261F07401B35CC6000B5F700 /* RADocument V6.xcdatamodel */,
				26E933411965859700BA83EE /* RADocument V5.xcdatamodel */,
				26E9333B196582DE00BA83EE /* RADocument V4.xcdatamodel */,
				26C246CC18F58F85009229BF /* RADocument V3.xcdatamodel */,
				26CDB6E718EF083C00D23294 /* RADocument V2.xcdatamodel */,
				2640DB98187EEDDA003EED97 /* RADocument.xcdatamodel */,
			);
			currentVersion = 265D7A4A274E7C2400035D6D /* RADocument V7.xcdatamodel */;
			path = RADocument.xcdatamodeld;
			sourceTree = "<group>";
			versionGroupType = wrapper.xcdatamodel;
		};
/* End XCVersionGroup section */
	};
	rootObject = 2640DB71187EEDDA003EED97 /* Project object */;
}
